
Microsoft Visual Studio Solution File, Format Version 12.00
# Visual Studio 14
VisualStudioVersion = 14.0.25420.1
MinimumVisualStudioVersion = 10.0.40219.1
Project("{FAE04EC0-301F-11D3-BF4B-00C04F79EFBC}") = "MapperLibrary", "..\ConsoleApplicationLab4\MapperLibrary\MapperLibrary.csproj", "{CDEEECC2-5232-43B3-84B3-CB50CE6586B4}"
EndProject
Project("{FAE04EC0-301F-11D3-BF4B-00C04F79EFBC}") = "MapperTests", "MapperTests\MapperTests.csproj", "{FF782F82-FB11-4DD4-B622-B3A26EFBB86A}"
EndProject
Global
	GlobalSection(SolutionConfigurationPlatforms) = preSolution
		Debug|Any CPU = Debug|Any CPU
		Release|Any CPU = Release|Any CPU
	EndGlobalSection
	GlobalSection(ProjectConfigurationPlatforms) = postSolution
		{CDEEECC2-5232-43B3-84B3-CB50CE6586B4}.Debug|Any CPU.ActiveCfg = Debug|Any CPU
		{CDEEECC2-5232-43B3-84B3-CB50CE6586B4}.Debug|Any CPU.Build.0 = Debug|Any CPU
		{CDEEECC2-5232-43B3-84B3-CB50CE6586B4}.Release|Any CPU.ActiveCfg = Release|Any CPU
		{CDEEECC2-5232-43B3-84B3-CB50CE6586B4}.Release|Any CPU.Build.0 = Release|Any CPU
		{FF782F82-FB11-4DD4-B622-B3A26EFBB86A}.Debug|Any CPU.ActiveCfg = Debug|Any CPU
		{FF782F82-FB11-4DD4-B622-B3A26EFBB86A}.Debug|Any CPU.Build.0 = Debug|Any CPU
		{FF782F82-FB11-4DD4-B622-B3A26EFBB86A}.Release|Any CPU.ActiveCfg = Release|Any CPU
		{FF782F82-FB11-4DD4-B622-B3A26EFBB86A}.Release|Any CPU.Build.0 = Release|Any CPU
	EndGlobalSection
	GlobalSection(SolutionProperties) = preSolution
		HideSolutionNode = FALSE
	EndGlobalSection
EndGlobal
